
Microsoft Visual Studio Solution File, Format Version 12.00
# Visual Studio 15
VisualStudioVersion = 15.0.27004.2010
MinimumVisualStudioVersion = 10.0.40219.1
Project("{8BC9CEB8-8B4A-11D0-8D11-00A0C91BC942}") = "Project1", "Project1\Project1.vcxproj", "{89BA6B7B-F152-4E4B-ABAE-ACB880D21E46}"
EndProject
Global
	GlobalSection(SolutionConfigurationPlatforms) = preSolution
		Debug|x64 = Debug|x64
		Debug|x86 = Debug|x86
		Release|x64 = Release|x64
		Release|x86 = Release|x86
	EndGlobalSection
	GlobalSection(ProjectConfigurationPlatforms) = postSolution
		{89BA6B7B-F152-4E4B-ABAE-ACB880D21E46}.Debug|x64.ActiveCfg = Debug|x64
		{89BA6B7B-F152-4E4B-ABAE-ACB880D21E46}.Debug|x64.Build.0 = Debug|x64
		{89BA6B7B-F152-4E4B-ABAE-ACB880D21E46}.Debug|x86.ActiveCfg = Debug|Win32
		{89BA6B7B-F152-4E4B-ABAE-ACB880D21E46}.Debug|x86.Build.0 = Debug|Win32
		{89BA6B7B-F152-4E4B-ABAE-ACB880D21E46}.Release|x64.ActiveCfg = Release|x64
		{89BA6B7B-F152-4E4B-ABAE-ACB880D21E46}.Release|x64.Build.0 = Release|x64
		{89BA6B7B-F152-4E4B-ABAE-ACB880D21E46}.Release|x86.ActiveCfg = Release|Win32
		{89BA6B7B-F152-4E4B-ABAE-ACB880D21E46}.Release|x86.Build.0 = Release|Win32
	EndGlobalSection
	GlobalSection(SolutionProperties) = preSolution
		HideSolutionNode = FALSE
	EndGlobalSection
	GlobalSection(ExtensibilityGlobals) = postSolution
		SolutionGuid = {F1FBA915-CD11-416A-9A9E-53C24142EBA0}
	EndGlobalSection
EndGlobal
