<?xml version="1.0" encoding="UTF-8" standalone="yes" ?>
<CodeBlocks_project_file>
	<FileVersion major="1" minor="6" />
	<Project>
		<Option title="AbstractFactory" />
		<Option pch_mode="2" />
		<Option compiler="gcc" />
		<Build>
			<Target title="Debug">
				<Option output="bin/Debug/AbstractFactory" prefix_auto="1" extension_auto="1" />
				<Option object_output="obj/Debug/" />
				<Option type="1" />
				<Option compiler="gcc" />
				<Compiler>
					<Add option="-g" />
				</Compiler>
			</Target>
			<Target title="Release">
				<Option output="bin/Release/AbstractFactory" prefix_auto="1" extension_auto="1" />
				<Option object_output="obj/Release/" />
				<Option type="1" />
				<Option compiler="gcc" />
				<Compiler>
					<Add option="-O2" />
				</Compiler>
				<Linker>
					<Add option="-s" />
				</Linker>
			</Target>
		</Build>
		<Compiler>
			<Add option="-Wall" />
		</Compiler>
		<Unit filename="AbstractFactory.h" />
		<Unit filename="AbstractFactoryMain.cpp" />
		<Unit filename="AbstractProductA.h" />
		<Unit filename="AbstractProductB.h" />
		<Unit filename="ConcreteFactory1.cpp" />
		<Unit filename="ConcreteFactory1.h" />
		<Unit filename="ConcreteFactory2.cpp" />
		<Unit filename="ConcreteFactory2.h" />
		<Unit filename="ConcreteProductA1.cpp" />
		<Unit filename="ConcreteProductA1.h" />
		<Unit filename="ConcreteProductA2.cpp" />
		<Unit filename="ConcreteProductA2.h" />
		<Unit filename="ConcreteProductB1.cpp" />
		<Unit filename="ConcreteProductB1.h" />
		<Unit filename="ConcreteProductB2.cpp" />
		<Unit filename="ConcreteProductB2.h" />
		<Extensions>
			<code_completion />
			<envvars />
			<debugger />
		</Extensions>
	</Project>
</CodeBlocks_project_file>
